// !$*UTF8*$!
{
	archiveVersion = 1;
	classes = {
	};
	objectVersion = 50;
	objects = {

/* Begin PBXBuildFile section */
		C550197F23137492006E9E06 /* AppDelegate.swift in Sources */ = {isa = PBXBuildFile; fileRef = C550197E23137492006E9E06 /* AppDelegate.swift */; };
		C550198223137492006E9E06 /* CoreDataEx.xcdatamodeld in Sources */ = {isa = PBXBuildFile; fileRef = C550198023137492006E9E06 /* CoreDataEx.xcdatamodeld */; };
		C550198423137492006E9E06 /* MasterViewController.swift in Sources */ = {isa = PBXBuildFile; fileRef = C550198323137492006E9E06 /* MasterViewController.swift */; };
		C550198623137492006E9E06 /* DetailViewController.swift in Sources */ = {isa = PBXBuildFile; fileRef = C550198523137492006E9E06 /* DetailViewController.swift */; };
		C550198923137492006E9E06 /* Main.storyboard in Resources */ = {isa = PBXBuildFile; fileRef = C550198723137492006E9E06 /* Main.storyboard */; };
		C550198B23137497006E9E06 /* Assets.xcassets in Resources */ = {isa = PBXBuildFile; fileRef = C550198A23137497006E9E06 /* Assets.xcassets */; };
		C550198E23137497006E9E06 /* LaunchScreen.storyboard in Resources */ = {isa = PBXBuildFile; fileRef = C550198C23137497006E9E06 /* LaunchScreen.storyboard */; };
		C5501999231376BA006E9E06 /* Person+CoreDataClass.swift in Sources */ = {isa = PBXBuildFile; fileRef = C5501995231376BA006E9E06 /* Person+CoreDataClass.swift */; };
		C550199A231376BA006E9E06 /* Person+CoreDataProperties.swift in Sources */ = {isa = PBXBuildFile; fileRef = C5501996231376BA006E9E06 /* Person+CoreDataProperties.swift */; };
		C550199B231376BA006E9E06 /* ContactInfo+CoreDataClass.swift in Sources */ = {isa = PBXBuildFile; fileRef = C5501997231376BA006E9E06 /* ContactInfo+CoreDataClass.swift */; };
		C550199C231376BA006E9E06 /* ContactInfo+CoreDataProperties.swift in Sources */ = {isa = PBXBuildFile; fileRef = C5501998231376BA006E9E06 /* ContactInfo+CoreDataProperties.swift */; };
/* End PBXBuildFile section */

/* Begin PBXFileReference section */
		C550197B23137492006E9E06 /* CoreDataEx.app */ = {isa = PBXFileReference; explicitFileType = wrapper.application; includeInIndex = 0; path = CoreDataEx.app; sourceTree = BUILT_PRODUCTS_DIR; };
		C550197E23137492006E9E06 /* AppDelegate.swift */ = {isa = PBXFileReference; lastKnownFileType = sourcecode.swift; path = AppDelegate.swift; sourceTree = "<group>"; };
		C550198123137492006E9E06 /* CoreDataEx.xcdatamodel */ = {isa = PBXFileReference; lastKnownFileType = wrapper.xcdatamodel; path = CoreDataEx.xcdatamodel; sourceTree = "<group>"; };
		C550198323137492006E9E06 /* MasterViewController.swift */ = {isa = PBXFileReference; lastKnownFileType = sourcecode.swift; path = MasterViewController.swift; sourceTree = "<group>"; };
		C550198523137492006E9E06 /* DetailViewController.swift */ = {isa = PBXFileReference; lastKnownFileType = sourcecode.swift; path = DetailViewController.swift; sourceTree = "<group>"; };
		C550198823137492006E9E06 /* Base */ = {isa = PBXFileReference; lastKnownFileType = file.storyboard; name = Base; path = Base.lproj/Main.storyboard; sourceTree = "<group>"; };
		C550198A23137497006E9E06 /* Assets.xcassets */ = {isa = PBXFileReference; lastKnownFileType = folder.assetcatalog; path = Assets.xcassets; sourceTree = "<group>"; };
		C550198D23137497006E9E06 /* Base */ = {isa = PBXFileReference; lastKnownFileType = file.storyboard; name = Base; path = Base.lproj/LaunchScreen.storyboard; sourceTree = "<group>"; };
		C550198F23137497006E9E06 /* Info.plist */ = {isa = PBXFileReference; lastKnownFileType = text.plist.xml; path = Info.plist; sourceTree = "<group>"; };
		C5501995231376BA006E9E06 /* Person+CoreDataClass.swift */ = {isa = PBXFileReference; lastKnownFileType = sourcecode.swift; path = "Person+CoreDataClass.swift"; sourceTree = "<group>"; };
		C5501996231376BA006E9E06 /* Person+CoreDataProperties.swift */ = {isa = PBXFileReference; lastKnownFileType = sourcecode.swift; path = "Person+CoreDataProperties.swift"; sourceTree = "<group>"; };
		C5501997231376BA006E9E06 /* ContactInfo+CoreDataClass.swift */ = {isa = PBXFileReference; lastKnownFileType = sourcecode.swift; path = "ContactInfo+CoreDataClass.swift"; sourceTree = "<group>"; };
		C5501998231376BA006E9E06 /* ContactInfo+CoreDataProperties.swift */ = {isa = PBXFileReference; lastKnownFileType = sourcecode.swift; path = "ContactInfo+CoreDataProperties.swift"; sourceTree = "<group>"; };
/* End PBXFileReference section */

/* Begin PBXFrameworksBuildPhase section */
		C550197823137492006E9E06 /* Frameworks */ = {
			isa = PBXFrameworksBuildPhase;
			buildActionMask = 2147483647;
			files = (
			);
			runOnlyForDeploymentPostprocessing = 0;
		};
/* End PBXFrameworksBuildPhase section */

/* Begin PBXGroup section */
		C550197223137492006E9E06 = {
			isa = PBXGroup;
			children = (
				C5501995231376BA006E9E06 /* Person+CoreDataClass.swift */,
				C5501996231376BA006E9E06 /* Person+CoreDataProperties.swift */,
				C5501997231376BA006E9E06 /* ContactInfo+CoreDataClass.swift */,
				C5501998231376BA006E9E06 /* ContactInfo+CoreDataProperties.swift */,
				C550197D23137492006E9E06 /* CoreDataEx */,
				C550197C23137492006E9E06 /* Products */,
			);
			sourceTree = "<group>";
		};
		C550197C23137492006E9E06 /* Products */ = {
			isa = PBXGroup;
			children = (
				C550197B23137492006E9E06 /* CoreDataEx.app */,
			);
			name = Products;
			sourceTree = "<group>";
		};
		C550197D23137492006E9E06 /* CoreDataEx */ = {
			isa = PBXGroup;
			children = (
				C550197E23137492006E9E06 /* AppDelegate.swift */,
				C550198323137492006E9E06 /* MasterViewController.swift */,
				C550198523137492006E9E06 /* DetailViewController.swift */,
				C550198723137492006E9E06 /* Main.storyboard */,
				C550198A23137497006E9E06 /* Assets.xcassets */,
				C550198C23137497006E9E06 /* LaunchScreen.storyboard */,
				C550198F23137497006E9E06 /* Info.plist */,
				C550198023137492006E9E06 /* CoreDataEx.xcdatamodeld */,
			);
			path = CoreDataEx;
			sourceTree = "<group>";
		};
/* End PBXGroup section */

/* Begin PBXNativeTarget section */
		C550197A23137492006E9E06 /* CoreDataEx */ = {
			isa = PBXNativeTarget;
			buildConfigurationList = C550199223137497006E9E06 /* Build configuration list for PBXNativeTarget "CoreDataEx" */;
			buildPhases = (
				C550197723137492006E9E06 /* Sources */,
				C550197823137492006E9E06 /* Frameworks */,
				C550197923137492006E9E06 /* Resources */,
			);
			buildRules = (
			);
			dependencies = (
			);
			name = CoreDataEx;
			productName = CoreDataEx;
			productReference = C550197B23137492006E9E06 /* CoreDataEx.app */;
			productType = "com.apple.product-type.application";
		};
/* End PBXNativeTarget section */

/* Begin PBXProject section */
		C550197323137492006E9E06 /* Project object */ = {
			isa = PBXProject;
			attributes = {
				LastSwiftUpdateCheck = 1030;
				LastUpgradeCheck = 1030;
				ORGANIZATIONNAME = hwj;
				TargetAttributes = {
					C550197A23137492006E9E06 = {
						CreatedOnToolsVersion = 10.3;
					};
				};
			};
			buildConfigurationList = C550197623137492006E9E06 /* Build configuration list for PBXProject "CoreDataEx" */;
			compatibilityVersion = "Xcode 9.3";
			developmentRegion = en;
			hasScannedForEncodings = 0;
			knownRegions = (
				en,
				Base,
			);
			mainGroup = C550197223137492006E9E06;
			productRefGroup = C550197C23137492006E9E06 /* Products */;
			projectDirPath = "";
			projectRoot = "";
			targets = (
				C550197A23137492006E9E06 /* CoreDataEx */,
			);
		};
/* End PBXProject section */

/* Begin PBXResourcesBuildPhase section */
		C550197923137492006E9E06 /* Resources */ = {
			isa = PBXResourcesBuildPhase;
			buildActionMask = 2147483647;
			files = (
				C550198E23137497006E9E06 /* LaunchScreen.storyboard in Resources */,
				C550198B23137497006E9E06 /* Assets.xcassets in Resources */,
				C550198923137492006E9E06 /* Main.storyboard in Resources */,
			);
			runOnlyForDeploymentPostprocessing = 0;
		};
/* End PBXResourcesBuildPhase section */

/* Begin PBXSourcesBuildPhase section */
		C550197723137492006E9E06 /* Sources */ = {
			isa = PBXSourcesBuildPhase;
			buildActionMask = 2147483647;
			files = (
				C550197F23137492006E9E06 /* AppDelegate.swift in Sources */,
				C550198223137492006E9E06 /* CoreDataEx.xcdatamodeld in Sources */,
				C550199C231376BA006E9E06 /* ContactInfo+CoreDataProperties.swift in Sources */,
				C550199A231376BA006E9E06 /* Person+CoreDataProperties.swift in Sources */,
				C5501999231376BA006E9E06 /* Person+CoreDataClass.swift in Sources */,
				C550198423137492006E9E06 /* MasterViewController.swift in Sources */,
				C550199B231376BA006E9E06 /* ContactInfo+CoreDataClass.swift in Sources */,
				C550198623137492006E9E06 /* DetailViewController.swift in Sources */,
			);
			runOnlyForDeploymentPostprocessing = 0;
		};
/* End PBXSourcesBuildPhase section */

/* Begin PBXVariantGroup section */
		C550198723137492006E9E06 /* Main.storyboard */ = {
			isa = PBXVariantGroup;
			children = (
				C550198823137492006E9E06 /* Base */,
			);
			name = Main.storyboard;
			sourceTree = "<group>";
		};
		C550198C23137497006E9E06 /* LaunchScreen.storyboard */ = {
			isa = PBXVariantGroup;
			children = (
				C550198D23137497006E9E06 /* Base */,
			);
			name = LaunchScreen.storyboard;
			sourceTree = "<group>";
		};
/* End PBXVariantGroup section */

/* Begin XCBuildConfiguration section */
		C550199023137497006E9E06 /* Debug */ = {
			isa = XCBuildConfiguration;
			buildSettings = {
				ALWAYS_SEARCH_USER_PATHS = NO;
				CLANG_ANALYZER_NONNULL = YES;
				CLANG_ANALYZER_NUMBER_OBJECT_CONVERSION = YES_AGGRESSIVE;
				CLANG_CXX_LANGUAGE_STANDARD = "gnu++14";
				CLANG_CXX_LIBRARY = "libc++";
				CLANG_ENABLE_MODULES = YES;
				CLANG_ENABLE_OBJC_ARC = YES;
				CLANG_ENABLE_OBJC_WEAK = YES;
				CLANG_WARN_BLOCK_CAPTURE_AUTORELEASING = YES;
				CLANG_WARN_BOOL_CONVERSION = YES;
				CLANG_WARN_COMMA = YES;
				CLANG_WARN_CONSTANT_CONVERSION = YES;
				CLANG_WARN_DEPRECATED_OBJC_IMPLEMENTATIONS = YES;
				CLANG_WARN_DIRECT_OBJC_ISA_USAGE = YES_ERROR;
				CLANG_WARN_DOCUMENTATION_COMMENTS = YES;
				CLANG_WARN_EMPTY_BODY = YES;
				CLANG_WARN_ENUM_CONVERSION = YES;
				CLANG_WARN_INFINITE_RECURSION = YES;
				CLANG_WARN_INT_CONVERSION = YES;
				CLANG_WARN_NON_LITERAL_NULL_CONVERSION = YES;
				CLANG_WARN_OBJC_IMPLICIT_RETAIN_SELF = YES;
				CLANG_WARN_OBJC_LITERAL_CONVERSION = YES;
				CLANG_WARN_OBJC_ROOT_CLASS = YES_ERROR;
				CLANG_WARN_RANGE_LOOP_ANALYSIS = YES;
				CLANG_WARN_STRICT_PROTOTYPES = YES;
				CLANG_WARN_SUSPICIOUS_MOVE = YES;
				CLANG_WARN_UNGUARDED_AVAILABILITY = YES_AGGRESSIVE;
				CLANG_WARN_UNREACHABLE_CODE = YES;
				CLANG_WARN__DUPLICATE_METHOD_MATCH = YES;
				CODE_SIGN_IDENTITY = "iPhone Developer";
				COPY_PHASE_STRIP = NO;
				DEBUG_INFORMATION_FORMAT = dwarf;
				ENABLE_STRICT_OBJC_MSGSEND = YES;
				ENABLE_TESTABILITY = YES;
				GCC_C_LANGUAGE_STANDARD = gnu11;
				GCC_DYNAMIC_NO_PIC = NO;
				GCC_NO_COMMON_BLOCKS = YES;
				GCC_OPTIMIZATION_LEVEL = 0;
				GCC_PREPROCESSOR_DEFINITIONS = (
					"DEBUG=1",
					"$(inherited)",
				);
				GCC_WARN_64_TO_32_BIT_CONVERSION = YES;
				GCC_WARN_ABOUT_RETURN_TYPE = YES_ERROR;
				GCC_WARN_UNDECLARED_SELECTOR = YES;
				GCC_WARN_UNINITIALIZED_AUTOS = YES_AGGRESSIVE;
				GCC_WARN_UNUSED_FUNCTION = YES;
				GCC_WARN_UNUSED_VARIABLE = YES;
				IPHONEOS_DEPLOYMENT_TARGET = 12.4;
				MTL_ENABLE_DEBUG_INFO = INCLUDE_SOURCE;
				MTL_FAST_MATH = YES;
				ONLY_ACTIVE_ARCH = YES;
				SDKROOT = iphoneos;
				SWIFT_ACTIVE_COMPILATION_CONDITIONS = DEBUG;
				SWIFT_OPTIMIZATION_LEVEL = "-Onone";
			};
			name = Debug;
		};
		C550199123137497006E9E06 /* Release */ = {
			isa = XCBuildConfiguration;
			buildSettings = {
				ALWAYS_SEARCH_USER_PATHS = NO;
				CLANG_ANALYZER_NONNULL = YES;
				CLANG_ANALYZER_NUMBER_OBJECT_CONVERSION = YES_AGGRESSIVE;
				CLANG_CXX_LANGUAGE_STANDARD = "gnu++14";
				CLANG_CXX_LIBRARY = "libc++";
				CLANG_ENABLE_MODULES = YES;
				CLANG_ENABLE_OBJC_ARC = YES;
				CLANG_ENABLE_OBJC_WEAK = YES;
				CLANG_WARN_BLOCK_CAPTURE_AUTORELEASING = YES;
				CLANG_WARN_BOOL_CONVERSION = YES;
				CLANG_WARN_COMMA = YES;
				CLANG_WARN_CONSTANT_CONVERSION = YES;
				CLANG_WARN_DEPRECATED_OBJC_IMPLEMENTATIONS = YES;
				CLANG_WARN_DIRECT_OBJC_ISA_USAGE = YES_ERROR;
				CLANG_WARN_DOCUMENTATION_COMMENTS = YES;
				CLANG_WARN_EMPTY_BODY = YES;
				CLANG_WARN_ENUM_CONVERSION = YES;
				CLANG_WARN_INFINITE_RECURSION = YES;
				CLANG_WARN_INT_CONVERSION = YES;
				CLANG_WARN_NON_LITERAL_NULL_CONVERSION = YES;
				CLANG_WARN_OBJC_IMPLICIT_RETAIN_SELF = YES;
				CLANG_WARN_OBJC_LITERAL_CONVERSION = YES;
				CLANG_WARN_OBJC_ROOT_CLASS = YES_ERROR;
				CLANG_WARN_RANGE_LOOP_ANALYSIS = YES;
				CLANG_WARN_STRICT_PROTOTYPES = YES;
				CLANG_WARN_SUSPICIOUS_MOVE = YES;
				CLANG_WARN_UNGUARDED_AVAILABILITY = YES_AGGRESSIVE;
				CLANG_WARN_UNREACHABLE_CODE = YES;
				CLANG_WARN__DUPLICATE_METHOD_MATCH = YES;
				CODE_SIGN_IDENTITY = "iPhone Developer";
				COPY_PHASE_STRIP = NO;
				DEBUG_INFORMATION_FORMAT = "dwarf-with-dsym";
				ENABLE_NS_ASSERTIONS = NO;
				ENABLE_STRICT_OBJC_MSGSEND = YES;
				GCC_C_LANGUAGE_STANDARD = gnu11;
				GCC_NO_COMMON_BLOCKS = YES;
				GCC_WARN_64_TO_32_BIT_CONVERSION = YES;
				GCC_WARN_ABOUT_RETURN_TYPE = YES_ERROR;
				GCC_WARN_UNDECLARED_SELECTOR = YES;
				GCC_WARN_UNINITIALIZED_AUTOS = YES_AGGRESSIVE;
				GCC_WARN_UNUSED_FUNCTION = YES;
				GCC_WARN_UNUSED_VARIABLE = YES;
				IPHONEOS_DEPLOYMENT_TARGET = 12.4;
				MTL_ENABLE_DEBUG_INFO = NO;
				MTL_FAST_MATH = YES;
				SDKROOT = iphoneos;
				SWIFT_COMPILATION_MODE = wholemodule;
				SWIFT_OPTIMIZATION_LEVEL = "-O";
				VALIDATE_PRODUCT = YES;
			};
			name = Release;
		};
		C550199323137497006E9E06 /* Debug */ = {
			isa = XCBuildConfiguration;
			buildSettings = {
				ASSETCATALOG_COMPILER_APPICON_NAME = AppIcon;
				CODE_SIGN_STYLE = Automatic;
				DEVELOPMENT_TEAM = 5288FA2S2C;
				INFOPLIST_FILE = CoreDataEx/Info.plist;
				LD_RUNPATH_SEARCH_PATHS = (
					"$(inherited)",
					"@executable_path/Frameworks",
				);
				PRODUCT_BUNDLE_IDENTIFIER = kr.codesquard.CoreDataEx;
				PRODUCT_NAME = "$(TARGET_NAME)";
				SWIFT_VERSION = 5.0;
				TARGETED_DEVICE_FAMILY = "1,2";
			};
			name = Debug;
		};
		C550199423137497006E9E06 /* Release */ = {
			isa = XCBuildConfiguration;
			buildSettings = {
				ASSETCATALOG_COMPILER_APPICON_NAME = AppIcon;
				CODE_SIGN_STYLE = Automatic;
				DEVELOPMENT_TEAM = 5288FA2S2C;
				INFOPLIST_FILE = CoreDataEx/Info.plist;
				LD_RUNPATH_SEARCH_PATHS = (
					"$(inherited)",
					"@executable_path/Frameworks",
				);
				PRODUCT_BUNDLE_IDENTIFIER = kr.codesquard.CoreDataEx;
				PRODUCT_NAME = "$(TARGET_NAME)";
				SWIFT_VERSION = 5.0;
				TARGETED_DEVICE_FAMILY = "1,2";
			};
			name = Release;
		};
/* End XCBuildConfiguration section */

/* Begin XCConfigurationList section */
		C550197623137492006E9E06 /* Build configuration list for PBXProject "CoreDataEx" */ = {
			isa = XCConfigurationList;
			buildConfigurations = (
				C550199023137497006E9E06 /* Debug */,
				C550199123137497006E9E06 /* Release */,
			);
			defaultConfigurationIsVisible = 0;
			defaultConfigurationName = Release;
		};
		C550199223137497006E9E06 /* Build configuration list for PBXNativeTarget "CoreDataEx" */ = {
			isa = XCConfigurationList;
			buildConfigurations = (
				C550199323137497006E9E06 /* Debug */,
				C550199423137497006E9E06 /* Release */,
			);
			defaultConfigurationIsVisible = 0;
			defaultConfigurationName = Release;
		};
/* End XCConfigurationList section */

/* Begin XCVersionGroup section */
		C550198023137492006E9E06 /* CoreDataEx.xcdatamodeld */ = {
			isa = XCVersionGroup;
			children = (
				C550198123137492006E9E06 /* CoreDataEx.xcdatamodel */,
			);
			currentVersion = C550198123137492006E9E06 /* CoreDataEx.xcdatamodel */;
			path = CoreDataEx.xcdatamodeld;
			sourceTree = "<group>";
			versionGroupType = wrapper.xcdatamodel;
		};
/* End XCVersionGroup section */
	};
	rootObject = C550197323137492006E9E06 /* Project object */;
}
