// !$*UTF8*$!
{
	archiveVersion = 1;
	classes = {
	};
	objectVersion = 50;
	objects = {

/* Begin PBXBuildFile section */
		C597B32222DD96A00027B579 /* AppDelegate.swift in Sources */ = {isa = PBXBuildFile; fileRef = C597B32122DD96A00027B579 /* AppDelegate.swift */; };
		C597B32422DD96A00027B579 /* ViewController.swift in Sources */ = {isa = PBXBuildFile; fileRef = C597B32322DD96A00027B579 /* ViewController.swift */; };
		C597B32722DD96A00027B579 /* Main.storyboard in Resources */ = {isa = PBXBuildFile; fileRef = C597B32522DD96A00027B579 /* Main.storyboard */; };
		C597B32922DD96A30027B579 /* Assets.xcassets in Resources */ = {isa = PBXBuildFile; fileRef = C597B32822DD96A30027B579 /* Assets.xcassets */; };
		C597B32C22DD96A30027B579 /* LaunchScreen.storyboard in Resources */ = {isa = PBXBuildFile; fileRef = C597B32A22DD96A30027B579 /* LaunchScreen.storyboard */; };
		C597B33422DD99D30027B579 /* YelloView.swift in Sources */ = {isa = PBXBuildFile; fileRef = C597B33322DD99D30027B579 /* YelloView.swift */; };
/* End PBXBuildFile section */

/* Begin PBXFileReference section */
		C597B31E22DD96A00027B579 /* TouchEventEX.app */ = {isa = PBXFileReference; explicitFileType = wrapper.application; includeInIndex = 0; path = TouchEventEX.app; sourceTree = BUILT_PRODUCTS_DIR; };
		C597B32122DD96A00027B579 /* AppDelegate.swift */ = {isa = PBXFileReference; lastKnownFileType = sourcecode.swift; path = AppDelegate.swift; sourceTree = "<group>"; };
		C597B32322DD96A00027B579 /* ViewController.swift */ = {isa = PBXFileReference; lastKnownFileType = sourcecode.swift; path = ViewController.swift; sourceTree = "<group>"; };
		C597B32622DD96A00027B579 /* Base */ = {isa = PBXFileReference; lastKnownFileType = file.storyboard; name = Base; path = Base.lproj/Main.storyboard; sourceTree = "<group>"; };
		C597B32822DD96A30027B579 /* Assets.xcassets */ = {isa = PBXFileReference; lastKnownFileType = folder.assetcatalog; path = Assets.xcassets; sourceTree = "<group>"; };
		C597B32B22DD96A30027B579 /* Base */ = {isa = PBXFileReference; lastKnownFileType = file.storyboard; name = Base; path = Base.lproj/LaunchScreen.storyboard; sourceTree = "<group>"; };
		C597B32D22DD96A30027B579 /* Info.plist */ = {isa = PBXFileReference; lastKnownFileType = text.plist.xml; path = Info.plist; sourceTree = "<group>"; };
		C597B33322DD99D30027B579 /* YelloView.swift */ = {isa = PBXFileReference; lastKnownFileType = sourcecode.swift; path = YelloView.swift; sourceTree = "<group>"; };
/* End PBXFileReference section */

/* Begin PBXFrameworksBuildPhase section */
		C597B31B22DD96A00027B579 /* Frameworks */ = {
			isa = PBXFrameworksBuildPhase;
			buildActionMask = 2147483647;
			files = (
			);
			runOnlyForDeploymentPostprocessing = 0;
		};
/* End PBXFrameworksBuildPhase section */

/* Begin PBXGroup section */
		C597B31522DD96A00027B579 = {
			isa = PBXGroup;
			children = (
				C597B32022DD96A00027B579 /* TouchEventEX */,
				C597B31F22DD96A00027B579 /* Products */,
			);
			sourceTree = "<group>";
		};
		C597B31F22DD96A00027B579 /* Products */ = {
			isa = PBXGroup;
			children = (
				C597B31E22DD96A00027B579 /* TouchEventEX.app */,
			);
			name = Products;
			sourceTree = "<group>";
		};
		C597B32022DD96A00027B579 /* TouchEventEX */ = {
			isa = PBXGroup;
			children = (
				C597B32122DD96A00027B579 /* AppDelegate.swift */,
				C597B32322DD96A00027B579 /* ViewController.swift */,
				C597B33322DD99D30027B579 /* YelloView.swift */,
				C597B32522DD96A00027B579 /* Main.storyboard */,
				C597B32822DD96A30027B579 /* Assets.xcassets */,
				C597B32A22DD96A30027B579 /* LaunchScreen.storyboard */,
				C597B32D22DD96A30027B579 /* Info.plist */,
			);
			path = TouchEventEX;
			sourceTree = "<group>";
		};
/* End PBXGroup section */

/* Begin PBXNativeTarget section */
		C597B31D22DD96A00027B579 /* TouchEventEX */ = {
			isa = PBXNativeTarget;
			buildConfigurationList = C597B33022DD96A30027B579 /* Build configuration list for PBXNativeTarget "TouchEventEX" */;
			buildPhases = (
				C597B31A22DD96A00027B579 /* Sources */,
				C597B31B22DD96A00027B579 /* Frameworks */,
				C597B31C22DD96A00027B579 /* Resources */,
			);
			buildRules = (
			);
			dependencies = (
			);
			name = TouchEventEX;
			productName = TouchEventEX;
			productReference = C597B31E22DD96A00027B579 /* TouchEventEX.app */;
			productType = "com.apple.product-type.application";
		};
/* End PBXNativeTarget section */

/* Begin PBXProject section */
		C597B31622DD96A00027B579 /* Project object */ = {
			isa = PBXProject;
			attributes = {
				LastSwiftUpdateCheck = 1020;
				LastUpgradeCheck = 1020;
				ORGANIZATIONNAME = hwj;
				TargetAttributes = {
					C597B31D22DD96A00027B579 = {
						CreatedOnToolsVersion = 10.2.1;
					};
				};
			};
			buildConfigurationList = C597B31922DD96A00027B579 /* Build configuration list for PBXProject "TouchEventEX" */;
			compatibilityVersion = "Xcode 9.3";
			developmentRegion = en;
			hasScannedForEncodings = 0;
			knownRegions = (
				en,
				Base,
			);
			mainGroup = C597B31522DD96A00027B579;
			productRefGroup = C597B31F22DD96A00027B579 /* Products */;
			projectDirPath = "";
			projectRoot = "";
			targets = (
				C597B31D22DD96A00027B579 /* TouchEventEX */,
			);
		};
/* End PBXProject section */

/* Begin PBXResourcesBuildPhase section */
		C597B31C22DD96A00027B579 /* Resources */ = {
			isa = PBXResourcesBuildPhase;
			buildActionMask = 2147483647;
			files = (
				C597B32C22DD96A30027B579 /* LaunchScreen.storyboard in Resources */,
				C597B32922DD96A30027B579 /* Assets.xcassets in Resources */,
				C597B32722DD96A00027B579 /* Main.storyboard in Resources */,
			);
			runOnlyForDeploymentPostprocessing = 0;
		};
/* End PBXResourcesBuildPhase section */

/* Begin PBXSourcesBuildPhase section */
		C597B31A22DD96A00027B579 /* Sources */ = {
			isa = PBXSourcesBuildPhase;
			buildActionMask = 2147483647;
			files = (
				C597B32422DD96A00027B579 /* ViewController.swift in Sources */,
				C597B32222DD96A00027B579 /* AppDelegate.swift in Sources */,
				C597B33422DD99D30027B579 /* YelloView.swift in Sources */,
			);
			runOnlyForDeploymentPostprocessing = 0;
		};
/* End PBXSourcesBuildPhase section */

/* Begin PBXVariantGroup section */
		C597B32522DD96A00027B579 /* Main.storyboard */ = {
			isa = PBXVariantGroup;
			children = (
				C597B32622DD96A00027B579 /* Base */,
			);
			name = Main.storyboard;
			sourceTree = "<group>";
		};
		C597B32A22DD96A30027B579 /* LaunchScreen.storyboard */ = {
			isa = PBXVariantGroup;
			children = (
				C597B32B22DD96A30027B579 /* Base */,
			);
			name = LaunchScreen.storyboard;
			sourceTree = "<group>";
		};
/* End PBXVariantGroup section */

/* Begin XCBuildConfiguration section */
		C597B32E22DD96A30027B579 /* Debug */ = {
			isa = XCBuildConfiguration;
			buildSettings = {
				ALWAYS_SEARCH_USER_PATHS = NO;
				CLANG_ANALYZER_NONNULL = YES;
				CLANG_ANALYZER_NUMBER_OBJECT_CONVERSION = YES_AGGRESSIVE;
				CLANG_CXX_LANGUAGE_STANDARD = "gnu++14";
				CLANG_CXX_LIBRARY = "libc++";
				CLANG_ENABLE_MODULES = YES;
				CLANG_ENABLE_OBJC_ARC = YES;
				CLANG_ENABLE_OBJC_WEAK = YES;
				CLANG_WARN_BLOCK_CAPTURE_AUTORELEASING = YES;
				CLANG_WARN_BOOL_CONVERSION = YES;
				CLANG_WARN_COMMA = YES;
				CLANG_WARN_CONSTANT_CONVERSION = YES;
				CLANG_WARN_DEPRECATED_OBJC_IMPLEMENTATIONS = YES;
				CLANG_WARN_DIRECT_OBJC_ISA_USAGE = YES_ERROR;
				CLANG_WARN_DOCUMENTATION_COMMENTS = YES;
				CLANG_WARN_EMPTY_BODY = YES;
				CLANG_WARN_ENUM_CONVERSION = YES;
				CLANG_WARN_INFINITE_RECURSION = YES;
				CLANG_WARN_INT_CONVERSION = YES;
				CLANG_WARN_NON_LITERAL_NULL_CONVERSION = YES;
				CLANG_WARN_OBJC_IMPLICIT_RETAIN_SELF = YES;
				CLANG_WARN_OBJC_LITERAL_CONVERSION = YES;
				CLANG_WARN_OBJC_ROOT_CLASS = YES_ERROR;
				CLANG_WARN_RANGE_LOOP_ANALYSIS = YES;
				CLANG_WARN_STRICT_PROTOTYPES = YES;
				CLANG_WARN_SUSPICIOUS_MOVE = YES;
				CLANG_WARN_UNGUARDED_AVAILABILITY = YES_AGGRESSIVE;
				CLANG_WARN_UNREACHABLE_CODE = YES;
				CLANG_WARN__DUPLICATE_METHOD_MATCH = YES;
				CODE_SIGN_IDENTITY = "iPhone Developer";
				COPY_PHASE_STRIP = NO;
				DEBUG_INFORMATION_FORMAT = dwarf;
				ENABLE_STRICT_OBJC_MSGSEND = YES;
				ENABLE_TESTABILITY = YES;
				GCC_C_LANGUAGE_STANDARD = gnu11;
				GCC_DYNAMIC_NO_PIC = NO;
				GCC_NO_COMMON_BLOCKS = YES;
				GCC_OPTIMIZATION_LEVEL = 0;
				GCC_PREPROCESSOR_DEFINITIONS = (
					"DEBUG=1",
					"$(inherited)",
				);
				GCC_WARN_64_TO_32_BIT_CONVERSION = YES;
				GCC_WARN_ABOUT_RETURN_TYPE = YES_ERROR;
				GCC_WARN_UNDECLARED_SELECTOR = YES;
				GCC_WARN_UNINITIALIZED_AUTOS = YES_AGGRESSIVE;
				GCC_WARN_UNUSED_FUNCTION = YES;
				GCC_WARN_UNUSED_VARIABLE = YES;
				IPHONEOS_DEPLOYMENT_TARGET = 12.2;
				MTL_ENABLE_DEBUG_INFO = INCLUDE_SOURCE;
				MTL_FAST_MATH = YES;
				ONLY_ACTIVE_ARCH = YES;
				SDKROOT = iphoneos;
				SWIFT_ACTIVE_COMPILATION_CONDITIONS = DEBUG;
				SWIFT_OPTIMIZATION_LEVEL = "-Onone";
			};
			name = Debug;
		};
		C597B32F22DD96A30027B579 /* Release */ = {
			isa = XCBuildConfiguration;
			buildSettings = {
				ALWAYS_SEARCH_USER_PATHS = NO;
				CLANG_ANALYZER_NONNULL = YES;
				CLANG_ANALYZER_NUMBER_OBJECT_CONVERSION = YES_AGGRESSIVE;
				CLANG_CXX_LANGUAGE_STANDARD = "gnu++14";
				CLANG_CXX_LIBRARY = "libc++";
				CLANG_ENABLE_MODULES = YES;
				CLANG_ENABLE_OBJC_ARC = YES;
				CLANG_ENABLE_OBJC_WEAK = YES;
				CLANG_WARN_BLOCK_CAPTURE_AUTORELEASING = YES;
				CLANG_WARN_BOOL_CONVERSION = YES;
				CLANG_WARN_COMMA = YES;
				CLANG_WARN_CONSTANT_CONVERSION = YES;
				CLANG_WARN_DEPRECATED_OBJC_IMPLEMENTATIONS = YES;
				CLANG_WARN_DIRECT_OBJC_ISA_USAGE = YES_ERROR;
				CLANG_WARN_DOCUMENTATION_COMMENTS = YES;
				CLANG_WARN_EMPTY_BODY = YES;
				CLANG_WARN_ENUM_CONVERSION = YES;
				CLANG_WARN_INFINITE_RECURSION = YES;
				CLANG_WARN_INT_CONVERSION = YES;
				CLANG_WARN_NON_LITERAL_NULL_CONVERSION = YES;
				CLANG_WARN_OBJC_IMPLICIT_RETAIN_SELF = YES;
				CLANG_WARN_OBJC_LITERAL_CONVERSION = YES;
				CLANG_WARN_OBJC_ROOT_CLASS = YES_ERROR;
				CLANG_WARN_RANGE_LOOP_ANALYSIS = YES;
				CLANG_WARN_STRICT_PROTOTYPES = YES;
				CLANG_WARN_SUSPICIOUS_MOVE = YES;
				CLANG_WARN_UNGUARDED_AVAILABILITY = YES_AGGRESSIVE;
				CLANG_WARN_UNREACHABLE_CODE = YES;
				CLANG_WARN__DUPLICATE_METHOD_MATCH = YES;
				CODE_SIGN_IDENTITY = "iPhone Developer";
				COPY_PHASE_STRIP = NO;
				DEBUG_INFORMATION_FORMAT = "dwarf-with-dsym";
				ENABLE_NS_ASSERTIONS = NO;
				ENABLE_STRICT_OBJC_MSGSEND = YES;
				GCC_C_LANGUAGE_STANDARD = gnu11;
				GCC_NO_COMMON_BLOCKS = YES;
				GCC_WARN_64_TO_32_BIT_CONVERSION = YES;
				GCC_WARN_ABOUT_RETURN_TYPE = YES_ERROR;
				GCC_WARN_UNDECLARED_SELECTOR = YES;
				GCC_WARN_UNINITIALIZED_AUTOS = YES_AGGRESSIVE;
				GCC_WARN_UNUSED_FUNCTION = YES;
				GCC_WARN_UNUSED_VARIABLE = YES;
				IPHONEOS_DEPLOYMENT_TARGET = 12.2;
				MTL_ENABLE_DEBUG_INFO = NO;
				MTL_FAST_MATH = YES;
				SDKROOT = iphoneos;
				SWIFT_COMPILATION_MODE = wholemodule;
				SWIFT_OPTIMIZATION_LEVEL = "-O";
				VALIDATE_PRODUCT = YES;
			};
			name = Release;
		};
		C597B33122DD96A30027B579 /* Debug */ = {
			isa = XCBuildConfiguration;
			buildSettings = {
				ASSETCATALOG_COMPILER_APPICON_NAME = AppIcon;
				CODE_SIGN_STYLE = Automatic;
				DEVELOPMENT_TEAM = 5288FA2S2C;
				INFOPLIST_FILE = TouchEventEX/Info.plist;
				LD_RUNPATH_SEARCH_PATHS = (
					"$(inherited)",
					"@executable_path/Frameworks",
				);
				PRODUCT_BUNDLE_IDENTIFIER = "kr.secret-society.TouchEventEX";
				PRODUCT_NAME = "$(TARGET_NAME)";
				SWIFT_VERSION = 5.0;
				TARGETED_DEVICE_FAMILY = "1,2";
			};
			name = Debug;
		};
		C597B33222DD96A30027B579 /* Release */ = {
			isa = XCBuildConfiguration;
			buildSettings = {
				ASSETCATALOG_COMPILER_APPICON_NAME = AppIcon;
				CODE_SIGN_STYLE = Automatic;
				DEVELOPMENT_TEAM = 5288FA2S2C;
				INFOPLIST_FILE = TouchEventEX/Info.plist;
				LD_RUNPATH_SEARCH_PATHS = (
					"$(inherited)",
					"@executable_path/Frameworks",
				);
				PRODUCT_BUNDLE_IDENTIFIER = "kr.secret-society.TouchEventEX";
				PRODUCT_NAME = "$(TARGET_NAME)";
				SWIFT_VERSION = 5.0;
				TARGETED_DEVICE_FAMILY = "1,2";
			};
			name = Release;
		};
/* End XCBuildConfiguration section */

/* Begin XCConfigurationList section */
		C597B31922DD96A00027B579 /* Build configuration list for PBXProject "TouchEventEX" */ = {
			isa = XCConfigurationList;
			buildConfigurations = (
				C597B32E22DD96A30027B579 /* Debug */,
				C597B32F22DD96A30027B579 /* Release */,
			);
			defaultConfigurationIsVisible = 0;
			defaultConfigurationName = Release;
		};
		C597B33022DD96A30027B579 /* Build configuration list for PBXNativeTarget "TouchEventEX" */ = {
			isa = XCConfigurationList;
			buildConfigurations = (
				C597B33122DD96A30027B579 /* Debug */,
				C597B33222DD96A30027B579 /* Release */,
			);
			defaultConfigurationIsVisible = 0;
			defaultConfigurationName = Release;
		};
/* End XCConfigurationList section */
	};
	rootObject = C597B31622DD96A00027B579 /* Project object */;
}
